// !$*UTF8*$!
{
	archiveVersion = 1;
	classes = {
	};
	objectVersion = 50;
	objects = {

/* Begin PBXBuildFile section */
		C465F07C24C6615300E74E25 /* AppDelegate.swift in Sources */ = {isa = PBXBuildFile; fileRef = C465F07B24C6615300E74E25 /* AppDelegate.swift */; };
		C465F07E24C6615300E74E25 /* ViewController.swift in Sources */ = {isa = PBXBuildFile; fileRef = C465F07D24C6615300E74E25 /* ViewController.swift */; };
		C465F08124C6615400E74E25 /* Main.storyboard in Resources */ = {isa = PBXBuildFile; fileRef = C465F07F24C6615400E74E25 /* Main.storyboard */; };
		C465F08324C6615400E74E25 /* Assets.xcassets in Resources */ = {isa = PBXBuildFile; fileRef = C465F08224C6615400E74E25 /* Assets.xcassets */; };
		C465F08624C6615400E74E25 /* LaunchScreen.storyboard in Resources */ = {isa = PBXBuildFile; fileRef = C465F08424C6615400E74E25 /* LaunchScreen.storyboard */; };
		C465F09124C6615500E74E25 /* Vital_APPTests.swift in Sources */ = {isa = PBXBuildFile; fileRef = C465F09024C6615500E74E25 /* Vital_APPTests.swift */; };
		C465F09C24C6615500E74E25 /* Vital_APPUITests.swift in Sources */ = {isa = PBXBuildFile; fileRef = C465F09B24C6615500E74E25 /* Vital_APPUITests.swift */; };
/* End PBXBuildFile section */

/* Begin PBXContainerItemProxy section */
		C465F08D24C6615500E74E25 /* PBXContainerItemProxy */ = {
			isa = PBXContainerItemProxy;
			containerPortal = C465F07024C6615300E74E25 /* Project object */;
			proxyType = 1;
			remoteGlobalIDString = C465F07724C6615300E74E25;
			remoteInfo = "Vital-APP";
		};
		C465F09824C6615500E74E25 /* PBXContainerItemProxy */ = {
			isa = PBXContainerItemProxy;
			containerPortal = C465F07024C6615300E74E25 /* Project object */;
			proxyType = 1;
			remoteGlobalIDString = C465F07724C6615300E74E25;
			remoteInfo = "Vital-APP";
		};
/* End PBXContainerItemProxy section */

/* Begin PBXFileReference section */
		C465F07824C6615300E74E25 /* Vital-APP.app */ = {isa = PBXFileReference; explicitFileType = wrapper.application; includeInIndex = 0; path = "Vital-APP.app"; sourceTree = BUILT_PRODUCTS_DIR; };
		C465F07B24C6615300E74E25 /* AppDelegate.swift */ = {isa = PBXFileReference; lastKnownFileType = sourcecode.swift; path = AppDelegate.swift; sourceTree = "<group>"; };
		C465F07D24C6615300E74E25 /* ViewController.swift */ = {isa = PBXFileReference; lastKnownFileType = sourcecode.swift; path = ViewController.swift; sourceTree = "<group>"; };
		C465F08024C6615400E74E25 /* Base */ = {isa = PBXFileReference; lastKnownFileType = file.storyboard; name = Base; path = Base.lproj/Main.storyboard; sourceTree = "<group>"; };
		C465F08224C6615400E74E25 /* Assets.xcassets */ = {isa = PBXFileReference; lastKnownFileType = folder.assetcatalog; path = Assets.xcassets; sourceTree = "<group>"; };
		C465F08524C6615400E74E25 /* Base */ = {isa = PBXFileReference; lastKnownFileType = file.storyboard; name = Base; path = Base.lproj/LaunchScreen.storyboard; sourceTree = "<group>"; };
		C465F08724C6615500E74E25 /* Info.plist */ = {isa = PBXFileReference; lastKnownFileType = text.plist.xml; path = Info.plist; sourceTree = "<group>"; };
		C465F08C24C6615500E74E25 /* Vital-APPTests.xctest */ = {isa = PBXFileReference; explicitFileType = wrapper.cfbundle; includeInIndex = 0; path = "Vital-APPTests.xctest"; sourceTree = BUILT_PRODUCTS_DIR; };
		C465F09024C6615500E74E25 /* Vital_APPTests.swift */ = {isa = PBXFileReference; lastKnownFileType = sourcecode.swift; path = Vital_APPTests.swift; sourceTree = "<group>"; };
		C465F09224C6615500E74E25 /* Info.plist */ = {isa = PBXFileReference; lastKnownFileType = text.plist.xml; path = Info.plist; sourceTree = "<group>"; };
		C465F09724C6615500E74E25 /* Vital-APPUITests.xctest */ = {isa = PBXFileReference; explicitFileType = wrapper.cfbundle; includeInIndex = 0; path = "Vital-APPUITests.xctest"; sourceTree = BUILT_PRODUCTS_DIR; };
		C465F09B24C6615500E74E25 /* Vital_APPUITests.swift */ = {isa = PBXFileReference; lastKnownFileType = sourcecode.swift; path = Vital_APPUITests.swift; sourceTree = "<group>"; };
		C465F09D24C6615500E74E25 /* Info.plist */ = {isa = PBXFileReference; lastKnownFileType = text.plist.xml; path = Info.plist; sourceTree = "<group>"; };
/* End PBXFileReference section */

/* Begin PBXFrameworksBuildPhase section */
		C465F07524C6615300E74E25 /* Frameworks */ = {
			isa = PBXFrameworksBuildPhase;
			buildActionMask = 2147483647;
			files = (
			);
			runOnlyForDeploymentPostprocessing = 0;
		};
		C465F08924C6615500E74E25 /* Frameworks */ = {
			isa = PBXFrameworksBuildPhase;
			buildActionMask = 2147483647;
			files = (
			);
			runOnlyForDeploymentPostprocessing = 0;
		};
		C465F09424C6615500E74E25 /* Frameworks */ = {
			isa = PBXFrameworksBuildPhase;
			buildActionMask = 2147483647;
			files = (
			);
			runOnlyForDeploymentPostprocessing = 0;
		};
/* End PBXFrameworksBuildPhase section */

/* Begin PBXGroup section */
		C465F06F24C6615300E74E25 = {
			isa = PBXGroup;
			children = (
				C465F07A24C6615300E74E25 /* Vital-APP */,
				C465F08F24C6615500E74E25 /* Vital-APPTests */,
				C465F09A24C6615500E74E25 /* Vital-APPUITests */,
				C465F07924C6615300E74E25 /* Products */,
			);
			sourceTree = "<group>";
		};
		C465F07924C6615300E74E25 /* Products */ = {
			isa = PBXGroup;
			children = (
				C465F07824C6615300E74E25 /* Vital-APP.app */,
				C465F08C24C6615500E74E25 /* Vital-APPTests.xctest */,
				C465F09724C6615500E74E25 /* Vital-APPUITests.xctest */,
			);
			name = Products;
			sourceTree = "<group>";
		};
		C465F07A24C6615300E74E25 /* Vital-APP */ = {
			isa = PBXGroup;
			children = (
				C465F07B24C6615300E74E25 /* AppDelegate.swift */,
				C465F07D24C6615300E74E25 /* ViewController.swift */,
				C465F07F24C6615400E74E25 /* Main.storyboard */,
				C465F08224C6615400E74E25 /* Assets.xcassets */,
				C465F08424C6615400E74E25 /* LaunchScreen.storyboard */,
				C465F08724C6615500E74E25 /* Info.plist */,
			);
			path = "Vital-APP";
			sourceTree = "<group>";
		};
		C465F08F24C6615500E74E25 /* Vital-APPTests */ = {
			isa = PBXGroup;
			children = (
				C465F09024C6615500E74E25 /* Vital_APPTests.swift */,
				C465F09224C6615500E74E25 /* Info.plist */,
			);
			path = "Vital-APPTests";
			sourceTree = "<group>";
		};
		C465F09A24C6615500E74E25 /* Vital-APPUITests */ = {
			isa = PBXGroup;
			children = (
				C465F09B24C6615500E74E25 /* Vital_APPUITests.swift */,
				C465F09D24C6615500E74E25 /* Info.plist */,
			);
			path = "Vital-APPUITests";
			sourceTree = "<group>";
		};
/* End PBXGroup section */

/* Begin PBXNativeTarget section */
		C465F07724C6615300E74E25 /* Vital-APP */ = {
			isa = PBXNativeTarget;
			buildConfigurationList = C465F0A024C6615500E74E25 /* Build configuration list for PBXNativeTarget "Vital-APP" */;
			buildPhases = (
				C465F07424C6615300E74E25 /* Sources */,
				C465F07524C6615300E74E25 /* Frameworks */,
				C465F07624C6615300E74E25 /* Resources */,
			);
			buildRules = (
			);
			dependencies = (
			);
			name = "Vital-APP";
			productName = "Vital-APP";
			productReference = C465F07824C6615300E74E25 /* Vital-APP.app */;
			productType = "com.apple.product-type.application";
		};
		C465F08B24C6615500E74E25 /* Vital-APPTests */ = {
			isa = PBXNativeTarget;
			buildConfigurationList = C465F0A324C6615500E74E25 /* Build configuration list for PBXNativeTarget "Vital-APPTests" */;
			buildPhases = (
				C465F08824C6615500E74E25 /* Sources */,
				C465F08924C6615500E74E25 /* Frameworks */,
				C465F08A24C6615500E74E25 /* Resources */,
			);
			buildRules = (
			);
			dependencies = (
				C465F08E24C6615500E74E25 /* PBXTargetDependency */,
			);
			name = "Vital-APPTests";
			productName = "Vital-APPTests";
			productReference = C465F08C24C6615500E74E25 /* Vital-APPTests.xctest */;
			productType = "com.apple.product-type.bundle.unit-test";
		};
		C465F09624C6615500E74E25 /* Vital-APPUITests */ = {
			isa = PBXNativeTarget;
			buildConfigurationList = C465F0A624C6615500E74E25 /* Build configuration list for PBXNativeTarget "Vital-APPUITests" */;
			buildPhases = (
				C465F09324C6615500E74E25 /* Sources */,
				C465F09424C6615500E74E25 /* Frameworks */,
				C465F09524C6615500E74E25 /* Resources */,
			);
			buildRules = (
			);
			dependencies = (
				C465F09924C6615500E74E25 /* PBXTargetDependency */,
			);
			name = "Vital-APPUITests";
			productName = "Vital-APPUITests";
			productReference = C465F09724C6615500E74E25 /* Vital-APPUITests.xctest */;
			productType = "com.apple.product-type.bundle.ui-testing";
		};
/* End PBXNativeTarget section */

/* Begin PBXProject section */
		C465F07024C6615300E74E25 /* Project object */ = {
			isa = PBXProject;
			attributes = {
				LastSwiftUpdateCheck = 0930;
				LastUpgradeCheck = 0930;
				ORGANIZATIONNAME = "Aadhya Puttur";
				TargetAttributes = {
					C465F07724C6615300E74E25 = {
						CreatedOnToolsVersion = 9.3;
					};
					C465F08B24C6615500E74E25 = {
						CreatedOnToolsVersion = 9.3;
						TestTargetID = C465F07724C6615300E74E25;
					};
					C465F09624C6615500E74E25 = {
						CreatedOnToolsVersion = 9.3;
						TestTargetID = C465F07724C6615300E74E25;
					};
				};
			};
			buildConfigurationList = C465F07324C6615300E74E25 /* Build configuration list for PBXProject "Vital-APP" */;
			compatibilityVersion = "Xcode 9.3";
			developmentRegion = en;
			hasScannedForEncodings = 0;
			knownRegions = (
				en,
				Base,
			);
			mainGroup = C465F06F24C6615300E74E25;
			productRefGroup = C465F07924C6615300E74E25 /* Products */;
			projectDirPath = "";
			projectRoot = "";
			targets = (
				C465F07724C6615300E74E25 /* Vital-APP */,
				C465F08B24C6615500E74E25 /* Vital-APPTests */,
				C465F09624C6615500E74E25 /* Vital-APPUITests */,
			);
		};
/* End PBXProject section */

/* Begin PBXResourcesBuildPhase section */
		C465F07624C6615300E74E25 /* Resources */ = {
			isa = PBXResourcesBuildPhase;
			buildActionMask = 2147483647;
			files = (
				C465F08624C6615400E74E25 /* LaunchScreen.storyboard in Resources */,
				C465F08324C6615400E74E25 /* Assets.xcassets in Resources */,
				C465F08124C6615400E74E25 /* Main.storyboard in Resources */,
			);
			runOnlyForDeploymentPostprocessing = 0;
		};
		C465F08A24C6615500E74E25 /* Resources */ = {
			isa = PBXResourcesBuildPhase;
			buildActionMask = 2147483647;
			files = (
			);
			runOnlyForDeploymentPostprocessing = 0;
		};
		C465F09524C6615500E74E25 /* Resources */ = {
			isa = PBXResourcesBuildPhase;
			buildActionMask = 2147483647;
			files = (
			);
			runOnlyForDeploymentPostprocessing = 0;
		};
/* End PBXResourcesBuildPhase section */

/* Begin PBXSourcesBuildPhase section */
		C465F07424C6615300E74E25 /* Sources */ = {
			isa = PBXSourcesBuildPhase;
			buildActionMask = 2147483647;
			files = (
				C465F07E24C6615300E74E25 /* ViewController.swift in Sources */,
				C465F07C24C6615300E74E25 /* AppDelegate.swift in Sources */,
			);
			runOnlyForDeploymentPostprocessing = 0;
		};
		C465F08824C6615500E74E25 /* Sources */ = {
			isa = PBXSourcesBuildPhase;
			buildActionMask = 2147483647;
			files = (
				C465F09124C6615500E74E25 /* Vital_APPTests.swift in Sources */,
			);
			runOnlyForDeploymentPostprocessing = 0;
		};
		C465F09324C6615500E74E25 /* Sources */ = {
			isa = PBXSourcesBuildPhase;
			buildActionMask = 2147483647;
			files = (
				C465F09C24C6615500E74E25 /* Vital_APPUITests.swift in Sources */,
			);
			runOnlyForDeploymentPostprocessing = 0;
		};
/* End PBXSourcesBuildPhase section */

/* Begin PBXTargetDependency section */
		C465F08E24C6615500E74E25 /* PBXTargetDependency */ = {
			isa = PBXTargetDependency;
			target = C465F07724C6615300E74E25 /* Vital-APP */;
			targetProxy = C465F08D24C6615500E74E25 /* PBXContainerItemProxy */;
		};
		C465F09924C6615500E74E25 /* PBXTargetDependency */ = {
			isa = PBXTargetDependency;
			target = C465F07724C6615300E74E25 /* Vital-APP */;
			targetProxy = C465F09824C6615500E74E25 /* PBXContainerItemProxy */;
		};
/* End PBXTargetDependency section */

/* Begin PBXVariantGroup section */
		C465F07F24C6615400E74E25 /* Main.storyboard */ = {
			isa = PBXVariantGroup;
			children = (
				C465F08024C6615400E74E25 /* Base */,
			);
			name = Main.storyboard;
			sourceTree = "<group>";
		};
		C465F08424C6615400E74E25 /* LaunchScreen.storyboard */ = {
			isa = PBXVariantGroup;
			children = (
				C465F08524C6615400E74E25 /* Base */,
			);
			name = LaunchScreen.storyboard;
			sourceTree = "<group>";
		};
/* End PBXVariantGroup section */

/* Begin XCBuildConfiguration section */
		C465F09E24C6615500E74E25 /* Debug */ = {
			isa = XCBuildConfiguration;
			buildSettings = {
				ALWAYS_SEARCH_USER_PATHS = NO;
				CLANG_ANALYZER_NONNULL = YES;
				CLANG_ANALYZER_NUMBER_OBJECT_CONVERSION = YES_AGGRESSIVE;
				CLANG_CXX_LANGUAGE_STANDARD = "gnu++14";
				CLANG_CXX_LIBRARY = "libc++";
				CLANG_ENABLE_MODULES = YES;
				CLANG_ENABLE_OBJC_ARC = YES;
				CLANG_ENABLE_OBJC_WEAK = YES;
				CLANG_WARN_BLOCK_CAPTURE_AUTORELEASING = YES;
				CLANG_WARN_BOOL_CONVERSION = YES;
				CLANG_WARN_COMMA = YES;
				CLANG_WARN_CONSTANT_CONVERSION = YES;
				CLANG_WARN_DEPRECATED_OBJC_IMPLEMENTATIONS = YES;
				CLANG_WARN_DIRECT_OBJC_ISA_USAGE = YES_ERROR;
				CLANG_WARN_DOCUMENTATION_COMMENTS = YES;
				CLANG_WARN_EMPTY_BODY = YES;
				CLANG_WARN_ENUM_CONVERSION = YES;
				CLANG_WARN_INFINITE_RECURSION = YES;
				CLANG_WARN_INT_CONVERSION = YES;
				CLANG_WARN_NON_LITERAL_NULL_CONVERSION = YES;
				CLANG_WARN_OBJC_IMPLICIT_RETAIN_SELF = YES;
				CLANG_WARN_OBJC_LITERAL_CONVERSION = YES;
				CLANG_WARN_OBJC_ROOT_CLASS = YES_ERROR;
				CLANG_WARN_RANGE_LOOP_ANALYSIS = YES;
				CLANG_WARN_STRICT_PROTOTYPES = YES;
				CLANG_WARN_SUSPICIOUS_MOVE = YES;
				CLANG_WARN_UNGUARDED_AVAILABILITY = YES_AGGRESSIVE;
				CLANG_WARN_UNREACHABLE_CODE = YES;
				CLANG_WARN__DUPLICATE_METHOD_MATCH = YES;
				CODE_SIGN_IDENTITY = "iPhone Developer";
				COPY_PHASE_STRIP = NO;
				DEBUG_INFORMATION_FORMAT = dwarf;
				ENABLE_STRICT_OBJC_MSGSEND = YES;
				ENABLE_TESTABILITY = YES;
				GCC_C_LANGUAGE_STANDARD = gnu11;
				GCC_DYNAMIC_NO_PIC = NO;
				GCC_NO_COMMON_BLOCKS = YES;
				GCC_OPTIMIZATION_LEVEL = 0;
				GCC_PREPROCESSOR_DEFINITIONS = (
					"DEBUG=1",
					"$(inherited)",
				);
				GCC_WARN_64_TO_32_BIT_CONVERSION = YES;
				GCC_WARN_ABOUT_RETURN_TYPE = YES_ERROR;
				GCC_WARN_UNDECLARED_SELECTOR = YES;
				GCC_WARN_UNINITIALIZED_AUTOS = YES_AGGRESSIVE;
				GCC_WARN_UNUSED_FUNCTION = YES;
				GCC_WARN_UNUSED_VARIABLE = YES;
				IPHONEOS_DEPLOYMENT_TARGET = 11.3;
				MTL_ENABLE_DEBUG_INFO = YES;
				ONLY_ACTIVE_ARCH = YES;
				SDKROOT = iphoneos;
				SWIFT_ACTIVE_COMPILATION_CONDITIONS = DEBUG;
				SWIFT_OPTIMIZATION_LEVEL = "-Onone";
			};
			name = Debug;
		};
		C465F09F24C6615500E74E25 /* Release */ = {
			isa = XCBuildConfiguration;
			buildSettings = {
				ALWAYS_SEARCH_USER_PATHS = NO;
				CLANG_ANALYZER_NONNULL = YES;
				CLANG_ANALYZER_NUMBER_OBJECT_CONVERSION = YES_AGGRESSIVE;
				CLANG_CXX_LANGUAGE_STANDARD = "gnu++14";
				CLANG_CXX_LIBRARY = "libc++";
				CLANG_ENABLE_MODULES = YES;
				CLANG_ENABLE_OBJC_ARC = YES;
				CLANG_ENABLE_OBJC_WEAK = YES;
				CLANG_WARN_BLOCK_CAPTURE_AUTORELEASING = YES;
				CLANG_WARN_BOOL_CONVERSION = YES;
				CLANG_WARN_COMMA = YES;
				CLANG_WARN_CONSTANT_CONVERSION = YES;
				CLANG_WARN_DEPRECATED_OBJC_IMPLEMENTATIONS = YES;
				CLANG_WARN_DIRECT_OBJC_ISA_USAGE = YES_ERROR;
				CLANG_WARN_DOCUMENTATION_COMMENTS = YES;
				CLANG_WARN_EMPTY_BODY = YES;
				CLANG_WARN_ENUM_CONVERSION = YES;
				CLANG_WARN_INFINITE_RECURSION = YES;
				CLANG_WARN_INT_CONVERSION = YES;
				CLANG_WARN_NON_LITERAL_NULL_CONVERSION = YES;
				CLANG_WARN_OBJC_IMPLICIT_RETAIN_SELF = YES;
				CLANG_WARN_OBJC_LITERAL_CONVERSION = YES;
				CLANG_WARN_OBJC_ROOT_CLASS = YES_ERROR;
				CLANG_WARN_RANGE_LOOP_ANALYSIS = YES;
				CLANG_WARN_STRICT_PROTOTYPES = YES;
				CLANG_WARN_SUSPICIOUS_MOVE = YES;
				CLANG_WARN_UNGUARDED_AVAILABILITY = YES_AGGRESSIVE;
				CLANG_WARN_UNREACHABLE_CODE = YES;
				CLANG_WARN__DUPLICATE_METHOD_MATCH = YES;
				CODE_SIGN_IDENTITY = "iPhone Developer";
				COPY_PHASE_STRIP = NO;
				DEBUG_INFORMATION_FORMAT = "dwarf-with-dsym";
				ENABLE_NS_ASSERTIONS = NO;
				ENABLE_STRICT_OBJC_MSGSEND = YES;
				GCC_C_LANGUAGE_STANDARD = gnu11;
				GCC_NO_COMMON_BLOCKS = YES;
				GCC_WARN_64_TO_32_BIT_CONVERSION = YES;
				GCC_WARN_ABOUT_RETURN_TYPE = YES_ERROR;
				GCC_WARN_UNDECLARED_SELECTOR = YES;
				GCC_WARN_UNINITIALIZED_AUTOS = YES_AGGRESSIVE;
				GCC_WARN_UNUSED_FUNCTION = YES;
				GCC_WARN_UNUSED_VARIABLE = YES;
				IPHONEOS_DEPLOYMENT_TARGET = 11.3;
				MTL_ENABLE_DEBUG_INFO = NO;
				SDKROOT = iphoneos;
				SWIFT_COMPILATION_MODE = wholemodule;
				SWIFT_OPTIMIZATION_LEVEL = "-O";
				VALIDATE_PRODUCT = YES;
			};
			name = Release;
		};
		C465F0A124C6615500E74E25 /* Debug */ = {
			isa = XCBuildConfiguration;
			buildSettings = {
				ASSETCATALOG_COMPILER_APPICON_NAME = AppIcon;
				CODE_SIGN_STYLE = Automatic;
				DEVELOPMENT_TEAM = K4NY8R3RA6;
				INFOPLIST_FILE = "Vital-APP/Info.plist";
				LD_RUNPATH_SEARCH_PATHS = (
					"$(inherited)",
					"@executable_path/Frameworks",
				);
				PRODUCT_BUNDLE_IDENTIFIER = "APuttur.Vital-APP";
				PRODUCT_NAME = "$(TARGET_NAME)";
				SWIFT_VERSION = 4.0;
				TARGETED_DEVICE_FAMILY = "1,2";
			};
			name = Debug;
		};
		C465F0A224C6615500E74E25 /* Release */ = {
			isa = XCBuildConfiguration;
			buildSettings = {
				ASSETCATALOG_COMPILER_APPICON_NAME = AppIcon;
				CODE_SIGN_STYLE = Automatic;
				DEVELOPMENT_TEAM = K4NY8R3RA6;
				INFOPLIST_FILE = "Vital-APP/Info.plist";
				LD_RUNPATH_SEARCH_PATHS = (
					"$(inherited)",
					"@executable_path/Frameworks",
				);
				PRODUCT_BUNDLE_IDENTIFIER = "APuttur.Vital-APP";
				PRODUCT_NAME = "$(TARGET_NAME)";
				SWIFT_VERSION = 4.0;
				TARGETED_DEVICE_FAMILY = "1,2";
			};
			name = Release;
		};
		C465F0A424C6615500E74E25 /* Debug */ = {
			isa = XCBuildConfiguration;
			buildSettings = {
				ALWAYS_EMBED_SWIFT_STANDARD_LIBRARIES = YES;
				BUNDLE_LOADER = "$(TEST_HOST)";
				CODE_SIGN_STYLE = Automatic;
				DEVELOPMENT_TEAM = K4NY8R3RA6;
				INFOPLIST_FILE = "Vital-APPTests/Info.plist";
				LD_RUNPATH_SEARCH_PATHS = (
					"$(inherited)",
					"@executable_path/Frameworks",
					"@loader_path/Frameworks",
				);
				PRODUCT_BUNDLE_IDENTIFIER = "APuttur.Vital-APPTests";
				PRODUCT_NAME = "$(TARGET_NAME)";
				SWIFT_VERSION = 4.0;
				TARGETED_DEVICE_FAMILY = "1,2";
				TEST_HOST = "$(BUILT_PRODUCTS_DIR)/Vital-APP.app/Vital-APP";
			};
			name = Debug;
		};
		C465F0A524C6615500E74E25 /* Release */ = {
			isa = XCBuildConfiguration;
			buildSettings = {
				ALWAYS_EMBED_SWIFT_STANDARD_LIBRARIES = YES;
				BUNDLE_LOADER = "$(TEST_HOST)";
				CODE_SIGN_STYLE = Automatic;
				DEVELOPMENT_TEAM = K4NY8R3RA6;
				INFOPLIST_FILE = "Vital-APPTests/Info.plist";
				LD_RUNPATH_SEARCH_PATHS = (
					"$(inherited)",
					"@executable_path/Frameworks",
					"@loader_path/Frameworks",
				);
				PRODUCT_BUNDLE_IDENTIFIER = "APuttur.Vital-APPTests";
				PRODUCT_NAME = "$(TARGET_NAME)";
				SWIFT_VERSION = 4.0;
				TARGETED_DEVICE_FAMILY = "1,2";
				TEST_HOST = "$(BUILT_PRODUCTS_DIR)/Vital-APP.app/Vital-APP";
			};
			name = Release;
		};
		C465F0A724C6615500E74E25 /* Debug */ = {
			isa = XCBuildConfiguration;
			buildSettings = {
				ALWAYS_EMBED_SWIFT_STANDARD_LIBRARIES = YES;
				CODE_SIGN_STYLE = Automatic;
				DEVELOPMENT_TEAM = K4NY8R3RA6;
				INFOPLIST_FILE = "Vital-APPUITests/Info.plist";
				LD_RUNPATH_SEARCH_PATHS = (
					"$(inherited)",
					"@executable_path/Frameworks",
					"@loader_path/Frameworks",
				);
				PRODUCT_BUNDLE_IDENTIFIER = "APuttur.Vital-APPUITests";
				PRODUCT_NAME = "$(TARGET_NAME)";
				SWIFT_VERSION = 4.0;
				TARGETED_DEVICE_FAMILY = "1,2";
				TEST_TARGET_NAME = "Vital-APP";
			};
			name = Debug;
		};
		C465F0A824C6615500E74E25 /* Release */ = {
			isa = XCBuildConfiguration;
			buildSettings = {
				ALWAYS_EMBED_SWIFT_STANDARD_LIBRARIES = YES;
				CODE_SIGN_STYLE = Automatic;
				DEVELOPMENT_TEAM = K4NY8R3RA6;
				INFOPLIST_FILE = "Vital-APPUITests/Info.plist";
				LD_RUNPATH_SEARCH_PATHS = (
					"$(inherited)",
					"@executable_path/Frameworks",
					"@loader_path/Frameworks",
				);
				PRODUCT_BUNDLE_IDENTIFIER = "APuttur.Vital-APPUITests";
				PRODUCT_NAME = "$(TARGET_NAME)";
				SWIFT_VERSION = 4.0;
				TARGETED_DEVICE_FAMILY = "1,2";
				TEST_TARGET_NAME = "Vital-APP";
			};
			name = Release;
		};
/* End XCBuildConfiguration section */

/* Begin XCConfigurationList section */
		C465F07324C6615300E74E25 /* Build configuration list for PBXProject "Vital-APP" */ = {
			isa = XCConfigurationList;
			buildConfigurations = (
				C465F09E24C6615500E74E25 /* Debug */,
				C465F09F24C6615500E74E25 /* Release */,
			);
			defaultConfigurationIsVisible = 0;
			defaultConfigurationName = Release;
		};
		C465F0A024C6615500E74E25 /* Build configuration list for PBXNativeTarget "Vital-APP" */ = {
			isa = XCConfigurationList;
			buildConfigurations = (
				C465F0A124C6615500E74E25 /* Debug */,
				C465F0A224C6615500E74E25 /* Release */,
			);
			defaultConfigurationIsVisible = 0;
			defaultConfigurationName = Release;
		};
		C465F0A324C6615500E74E25 /* Build configuration list for PBXNativeTarget "Vital-APPTests" */ = {
			isa = XCConfigurationList;
			buildConfigurations = (
				C465F0A424C6615500E74E25 /* Debug */,
				C465F0A524C6615500E74E25 /* Release */,
			);
			defaultConfigurationIsVisible = 0;
			defaultConfigurationName = Release;
		};
		C465F0A624C6615500E74E25 /* Build configuration list for PBXNativeTarget "Vital-APPUITests" */ = {
			isa = XCConfigurationList;
			buildConfigurations = (
				C465F0A724C6615500E74E25 /* Debug */,
				C465F0A824C6615500E74E25 /* Release */,
			);
			defaultConfigurationIsVisible = 0;
			defaultConfigurationName = Release;
		};
/* End XCConfigurationList section */
	};
	rootObject = C465F07024C6615300E74E25 /* Project object */;
}
